// !$*UTF8*$!
{
	archiveVersion = 1;
	classes = {
	};
	objectVersion = 56;
	objects = {

/* Begin PBXBuildFile section */
		D080B4202B613C25003D0B9F /* Kingfisher in Frameworks */ = {isa = PBXBuildFile; productRef = D080B41F2B613C25003D0B9F /* Kingfisher */; };
		D0ADADB12B5FE1D600A31524 /* AppDelegate.swift in Sources */ = {isa = PBXBuildFile; fileRef = D0ADADB02B5FE1D600A31524 /* AppDelegate.swift */; };
		D0ADADB32B5FE1D600A31524 /* SceneDelegate.swift in Sources */ = {isa = PBXBuildFile; fileRef = D0ADADB22B5FE1D600A31524 /* SceneDelegate.swift */; };
		D0ADADB52B5FE1D600A31524 /* AssetsViewController.swift in Sources */ = {isa = PBXBuildFile; fileRef = D0ADADB42B5FE1D600A31524 /* AssetsViewController.swift */; };
		D0ADADBA2B5FE1D700A31524 /* Assets.xcassets in Resources */ = {isa = PBXBuildFile; fileRef = D0ADADB92B5FE1D700A31524 /* Assets.xcassets */; };
		D0ADADBD2B5FE1D700A31524 /* LaunchScreen.storyboard in Resources */ = {isa = PBXBuildFile; fileRef = D0ADADBB2B5FE1D700A31524 /* LaunchScreen.storyboard */; };
		D0ADADC92B5FE79400A31524 /* Asset.swift in Sources */ = {isa = PBXBuildFile; fileRef = D0ADADC82B5FE79400A31524 /* Asset.swift */; };
		D0ADADCE2B5FEE4F00A31524 /* AssetsTableViewCell.swift in Sources */ = {isa = PBXBuildFile; fileRef = D0ADADCD2B5FEE4F00A31524 /* AssetsTableViewCell.swift */; };
		D0ADADD02B60172F00A31524 /* DetailsAssetsViewController.swift in Sources */ = {isa = PBXBuildFile; fileRef = D0ADADCF2B60172F00A31524 /* DetailsAssetsViewController.swift */; };
		D0F5C4692B615800004B5B8F /* AssetsViewModel.swift in Sources */ = {isa = PBXBuildFile; fileRef = D0F5C4682B615800004B5B8F /* AssetsViewModel.swift */; };
		D0F5C46B2B61A49C004B5B8F /* DetailsAssetsViewModel.swift in Sources */ = {isa = PBXBuildFile; fileRef = D0F5C46A2B61A49C004B5B8F /* DetailsAssetsViewModel.swift */; };
		D0F5C46F2B61C3B5004B5B8F /* String + Extension.swift in Sources */ = {isa = PBXBuildFile; fileRef = D0F5C46E2B61C3B5004B5B8F /* String + Extension.swift */; };
		D0F5C4712B626911004B5B8F /* NetworkService.swift in Sources */ = {isa = PBXBuildFile; fileRef = D0F5C4702B626911004B5B8F /* NetworkService.swift */; };
		D0F5C4752B628731004B5B8F /* СommonСonstants.swift in Sources */ = {isa = PBXBuildFile; fileRef = D0F5C4742B628731004B5B8F /* СommonСonstants.swift */; };
		D0F5C4792B62FB3F004B5B8F /* Localizable.strings in Resources */ = {isa = PBXBuildFile; fileRef = D0F5C47B2B62FB3F004B5B8F /* Localizable.strings */; };
		D0F5C47F2B639711004B5B8F /* CustomLabel.swift in Sources */ = {isa = PBXBuildFile; fileRef = D0F5C47E2B639711004B5B8F /* CustomLabel.swift */; };
/* End PBXBuildFile section */

/* Begin PBXFileReference section */
		D0ADADAD2B5FE1D600A31524 /* CryptoInfo.app */ = {isa = PBXFileReference; explicitFileType = wrapper.application; includeInIndex = 0; path = CryptoInfo.app; sourceTree = BUILT_PRODUCTS_DIR; };
		D0ADADB02B5FE1D600A31524 /* AppDelegate.swift */ = {isa = PBXFileReference; lastKnownFileType = sourcecode.swift; path = AppDelegate.swift; sourceTree = "<group>"; };
		D0ADADB22B5FE1D600A31524 /* SceneDelegate.swift */ = {isa = PBXFileReference; lastKnownFileType = sourcecode.swift; path = SceneDelegate.swift; sourceTree = "<group>"; };
		D0ADADB42B5FE1D600A31524 /* AssetsViewController.swift */ = {isa = PBXFileReference; lastKnownFileType = sourcecode.swift; path = AssetsViewController.swift; sourceTree = "<group>"; };
		D0ADADB92B5FE1D700A31524 /* Assets.xcassets */ = {isa = PBXFileReference; lastKnownFileType = folder.assetcatalog; path = Assets.xcassets; sourceTree = "<group>"; };
		D0ADADBC2B5FE1D700A31524 /* Base */ = {isa = PBXFileReference; lastKnownFileType = file.storyboard; name = Base; path = Base.lproj/LaunchScreen.storyboard; sourceTree = "<group>"; };
		D0ADADBE2B5FE1D700A31524 /* Info.plist */ = {isa = PBXFileReference; lastKnownFileType = text.plist.xml; path = Info.plist; sourceTree = "<group>"; };
		D0ADADC82B5FE79400A31524 /* Asset.swift */ = {isa = PBXFileReference; lastKnownFileType = sourcecode.swift; path = Asset.swift; sourceTree = "<group>"; };
		D0ADADCD2B5FEE4F00A31524 /* AssetsTableViewCell.swift */ = {isa = PBXFileReference; lastKnownFileType = sourcecode.swift; path = AssetsTableViewCell.swift; sourceTree = "<group>"; };
		D0ADADCF2B60172F00A31524 /* DetailsAssetsViewController.swift */ = {isa = PBXFileReference; lastKnownFileType = sourcecode.swift; path = DetailsAssetsViewController.swift; sourceTree = "<group>"; };
		D0F5C4682B615800004B5B8F /* AssetsViewModel.swift */ = {isa = PBXFileReference; lastKnownFileType = sourcecode.swift; path = AssetsViewModel.swift; sourceTree = "<group>"; };
		D0F5C46A2B61A49C004B5B8F /* DetailsAssetsViewModel.swift */ = {isa = PBXFileReference; lastKnownFileType = sourcecode.swift; path = DetailsAssetsViewModel.swift; sourceTree = "<group>"; };
		D0F5C46E2B61C3B5004B5B8F /* String + Extension.swift */ = {isa = PBXFileReference; lastKnownFileType = sourcecode.swift; path = "String + Extension.swift"; sourceTree = "<group>"; };
		D0F5C4702B626911004B5B8F /* NetworkService.swift */ = {isa = PBXFileReference; lastKnownFileType = sourcecode.swift; path = NetworkService.swift; sourceTree = "<group>"; };
		D0F5C4742B628731004B5B8F /* СommonСonstants.swift */ = {isa = PBXFileReference; lastKnownFileType = sourcecode.swift; path = "СommonСonstants.swift"; sourceTree = "<group>"; };
		D0F5C4762B62F9A7004B5B8F /* ru */ = {isa = PBXFileReference; lastKnownFileType = text.plist.strings; name = ru; path = ru.lproj/LaunchScreen.strings; sourceTree = "<group>"; };
		D0F5C47A2B62FB3F004B5B8F /* en */ = {isa = PBXFileReference; lastKnownFileType = text.plist.strings; name = en; path = en.lproj/Localizable.strings; sourceTree = "<group>"; };
		D0F5C47C2B62FB41004B5B8F /* ru */ = {isa = PBXFileReference; lastKnownFileType = text.plist.strings; name = ru; path = ru.lproj/Localizable.strings; sourceTree = "<group>"; };
		D0F5C47E2B639711004B5B8F /* CustomLabel.swift */ = {isa = PBXFileReference; lastKnownFileType = sourcecode.swift; path = CustomLabel.swift; sourceTree = "<group>"; };
/* End PBXFileReference section */

/* Begin PBXFrameworksBuildPhase section */
		D0ADADAA2B5FE1D600A31524 /* Frameworks */ = {
			isa = PBXFrameworksBuildPhase;
			buildActionMask = 2147483647;
			files = (
				D080B4202B613C25003D0B9F /* Kingfisher in Frameworks */,
			);
			runOnlyForDeploymentPostprocessing = 0;
		};
/* End PBXFrameworksBuildPhase section */

/* Begin PBXGroup section */
		D0ADADA42B5FE1D600A31524 = {
			isa = PBXGroup;
			children = (
				D0ADADAF2B5FE1D600A31524 /* CryptoInfo */,
				D0ADADAE2B5FE1D600A31524 /* Products */,
			);
			sourceTree = "<group>";
		};
		D0ADADAE2B5FE1D600A31524 /* Products */ = {
			isa = PBXGroup;
			children = (
				D0ADADAD2B5FE1D600A31524 /* CryptoInfo.app */,
			);
			name = Products;
			sourceTree = "<group>";
		};
		D0ADADAF2B5FE1D600A31524 /* CryptoInfo */ = {
			isa = PBXGroup;
			children = (
				D0F5C47D2B6396FF004B5B8F /* СommonViews */,
				D0F5C4732B628721004B5B8F /* Constants */,
				D0F5C46D2B61C39D004B5B8F /* Extensions */,
				D0ADADC62B5FE5AA00A31524 /* MainPage */,
				D0ADADC72B5FE5D800A31524 /* DetailsPage */,
				D0F5C4722B6285BB004B5B8F /* Services */,
				D0ADADC42B5FE57600A31524 /* Models */,
				D0ADADC52B5FE58E00A31524 /* SupportingFiles */,
				D0ADADBE2B5FE1D700A31524 /* Info.plist */,
			);
			path = CryptoInfo;
			sourceTree = "<group>";
		};
		D0ADADC42B5FE57600A31524 /* Models */ = {
			isa = PBXGroup;
			children = (
				D0ADADC82B5FE79400A31524 /* Asset.swift */,
			);
			path = Models;
			sourceTree = "<group>";
		};
		D0ADADC52B5FE58E00A31524 /* SupportingFiles */ = {
			isa = PBXGroup;
			children = (
				D0F5C47B2B62FB3F004B5B8F /* Localizable.strings */,
				D0ADADB02B5FE1D600A31524 /* AppDelegate.swift */,
				D0ADADB22B5FE1D600A31524 /* SceneDelegate.swift */,
				D0ADADB92B5FE1D700A31524 /* Assets.xcassets */,
				D0ADADBB2B5FE1D700A31524 /* LaunchScreen.storyboard */,
			);
			path = SupportingFiles;
			sourceTree = "<group>";
		};
		D0ADADC62B5FE5AA00A31524 /* MainPage */ = {
			isa = PBXGroup;
			children = (
				D0F5C46C2B61A5B7004B5B8F /* TableViewCell */,
				D0ADADB42B5FE1D600A31524 /* AssetsViewController.swift */,
				D0F5C4682B615800004B5B8F /* AssetsViewModel.swift */,
			);
			path = MainPage;
			sourceTree = "<group>";
		};
		D0ADADC72B5FE5D800A31524 /* DetailsPage */ = {
			isa = PBXGroup;
			children = (
				D0ADADCF2B60172F00A31524 /* DetailsAssetsViewController.swift */,
				D0F5C46A2B61A49C004B5B8F /* DetailsAssetsViewModel.swift */,
			);
			path = DetailsPage;
			sourceTree = "<group>";
		};
		D0F5C46C2B61A5B7004B5B8F /* TableViewCell */ = {
			isa = PBXGroup;
			children = (
				D0ADADCD2B5FEE4F00A31524 /* AssetsTableViewCell.swift */,
			);
			path = TableViewCell;
			sourceTree = "<group>";
		};
		D0F5C46D2B61C39D004B5B8F /* Extensions */ = {
			isa = PBXGroup;
			children = (
				D0F5C46E2B61C3B5004B5B8F /* String + Extension.swift */,
			);
			path = Extensions;
			sourceTree = "<group>";
		};
		D0F5C4722B6285BB004B5B8F /* Services */ = {
			isa = PBXGroup;
			children = (
				D0F5C4702B626911004B5B8F /* NetworkService.swift */,
			);
			path = Services;
			sourceTree = "<group>";
		};
		D0F5C4732B628721004B5B8F /* Constants */ = {
			isa = PBXGroup;
			children = (
				D0F5C4742B628731004B5B8F /* СommonСonstants.swift */,
			);
			path = Constants;
			sourceTree = "<group>";
		};
		D0F5C47D2B6396FF004B5B8F /* СommonViews */ = {
			isa = PBXGroup;
			children = (
				D0F5C47E2B639711004B5B8F /* CustomLabel.swift */,
			);
			path = "СommonViews";
			sourceTree = "<group>";
		};
/* End PBXGroup section */

/* Begin PBXNativeTarget section */
		D0ADADAC2B5FE1D600A31524 /* CryptoInfo */ = {
			isa = PBXNativeTarget;
			buildConfigurationList = D0ADADC12B5FE1D700A31524 /* Build configuration list for PBXNativeTarget "CryptoInfo" */;
			buildPhases = (
				D0ADADA92B5FE1D600A31524 /* Sources */,
				D0ADADAA2B5FE1D600A31524 /* Frameworks */,
				D0ADADAB2B5FE1D600A31524 /* Resources */,
			);
			buildRules = (
			);
			dependencies = (
			);
			name = CryptoInfo;
			packageProductDependencies = (
				D080B41F2B613C25003D0B9F /* Kingfisher */,
			);
			productName = CryptoInfo;
			productReference = D0ADADAD2B5FE1D600A31524 /* CryptoInfo.app */;
			productType = "com.apple.product-type.application";
		};
/* End PBXNativeTarget section */

/* Begin PBXProject section */
		D0ADADA52B5FE1D600A31524 /* Project object */ = {
			isa = PBXProject;
			attributes = {
				BuildIndependentTargetsInParallel = 1;
				LastSwiftUpdateCheck = 1520;
				LastUpgradeCheck = 1520;
				TargetAttributes = {
					D0ADADAC2B5FE1D600A31524 = {
						CreatedOnToolsVersion = 15.2;
					};
				};
			};
			buildConfigurationList = D0ADADA82B5FE1D600A31524 /* Build configuration list for PBXProject "CryptoInfo" */;
			compatibilityVersion = "Xcode 14.0";
			developmentRegion = en;
			hasScannedForEncodings = 0;
			knownRegions = (
				en,
				Base,
				ru,
			);
			mainGroup = D0ADADA42B5FE1D600A31524;
			packageReferences = (
				D080B41E2B613C25003D0B9F /* XCRemoteSwiftPackageReference "Kingfisher" */,
			);
			productRefGroup = D0ADADAE2B5FE1D600A31524 /* Products */;
			projectDirPath = "";
			projectRoot = "";
			targets = (
				D0ADADAC2B5FE1D600A31524 /* CryptoInfo */,
			);
		};
/* End PBXProject section */

/* Begin PBXResourcesBuildPhase section */
		D0ADADAB2B5FE1D600A31524 /* Resources */ = {
			isa = PBXResourcesBuildPhase;
			buildActionMask = 2147483647;
			files = (
				D0ADADBD2B5FE1D700A31524 /* LaunchScreen.storyboard in Resources */,
				D0F5C4792B62FB3F004B5B8F /* Localizable.strings in Resources */,
				D0ADADBA2B5FE1D700A31524 /* Assets.xcassets in Resources */,
			);
			runOnlyForDeploymentPostprocessing = 0;
		};
/* End PBXResourcesBuildPhase section */

/* Begin PBXSourcesBuildPhase section */
		D0ADADA92B5FE1D600A31524 /* Sources */ = {
			isa = PBXSourcesBuildPhase;
			buildActionMask = 2147483647;
			files = (
				D0F5C4712B626911004B5B8F /* NetworkService.swift in Sources */,
				D0F5C4692B615800004B5B8F /* AssetsViewModel.swift in Sources */,
				D0ADADC92B5FE79400A31524 /* Asset.swift in Sources */,
				D0F5C4752B628731004B5B8F /* СommonСonstants.swift in Sources */,
				D0F5C46F2B61C3B5004B5B8F /* String + Extension.swift in Sources */,
				D0ADADB52B5FE1D600A31524 /* AssetsViewController.swift in Sources */,
				D0ADADCE2B5FEE4F00A31524 /* AssetsTableViewCell.swift in Sources */,
				D0F5C47F2B639711004B5B8F /* CustomLabel.swift in Sources */,
				D0ADADB12B5FE1D600A31524 /* AppDelegate.swift in Sources */,
				D0F5C46B2B61A49C004B5B8F /* DetailsAssetsViewModel.swift in Sources */,
				D0ADADB32B5FE1D600A31524 /* SceneDelegate.swift in Sources */,
				D0ADADD02B60172F00A31524 /* DetailsAssetsViewController.swift in Sources */,
			);
			runOnlyForDeploymentPostprocessing = 0;
		};
/* End PBXSourcesBuildPhase section */

/* Begin PBXVariantGroup section */
		D0ADADBB2B5FE1D700A31524 /* LaunchScreen.storyboard */ = {
			isa = PBXVariantGroup;
			children = (
				D0ADADBC2B5FE1D700A31524 /* Base */,
				D0F5C4762B62F9A7004B5B8F /* ru */,
			);
			name = LaunchScreen.storyboard;
			sourceTree = "<group>";
		};
		D0F5C47B2B62FB3F004B5B8F /* Localizable.strings */ = {
			isa = PBXVariantGroup;
			children = (
				D0F5C47A2B62FB3F004B5B8F /* en */,
				D0F5C47C2B62FB41004B5B8F /* ru */,
			);
			name = Localizable.strings;
			sourceTree = "<group>";
		};
/* End PBXVariantGroup section */

/* Begin XCBuildConfiguration section */
		D0ADADBF2B5FE1D700A31524 /* Debug */ = {
			isa = XCBuildConfiguration;
			buildSettings = {
				ALWAYS_SEARCH_USER_PATHS = NO;
				ASSETCATALOG_COMPILER_GENERATE_SWIFT_ASSET_SYMBOL_EXTENSIONS = YES;
				CLANG_ANALYZER_LOCALIZABILITY_NONLOCALIZED = YES;
				CLANG_ANALYZER_NONNULL = YES;
				CLANG_ANALYZER_NUMBER_OBJECT_CONVERSION = YES_AGGRESSIVE;
				CLANG_CXX_LANGUAGE_STANDARD = "gnu++20";
				CLANG_ENABLE_MODULES = YES;
				CLANG_ENABLE_OBJC_ARC = YES;
				CLANG_ENABLE_OBJC_WEAK = YES;
				CLANG_WARN_BLOCK_CAPTURE_AUTORELEASING = YES;
				CLANG_WARN_BOOL_CONVERSION = YES;
				CLANG_WARN_COMMA = YES;
				CLANG_WARN_CONSTANT_CONVERSION = YES;
				CLANG_WARN_DEPRECATED_OBJC_IMPLEMENTATIONS = YES;
				CLANG_WARN_DIRECT_OBJC_ISA_USAGE = YES_ERROR;
				CLANG_WARN_DOCUMENTATION_COMMENTS = YES;
				CLANG_WARN_EMPTY_BODY = YES;
				CLANG_WARN_ENUM_CONVERSION = YES;
				CLANG_WARN_INFINITE_RECURSION = YES;
				CLANG_WARN_INT_CONVERSION = YES;
				CLANG_WARN_NON_LITERAL_NULL_CONVERSION = YES;
				CLANG_WARN_OBJC_IMPLICIT_RETAIN_SELF = YES;
				CLANG_WARN_OBJC_LITERAL_CONVERSION = YES;
				CLANG_WARN_OBJC_ROOT_CLASS = YES_ERROR;
				CLANG_WARN_QUOTED_INCLUDE_IN_FRAMEWORK_HEADER = YES;
				CLANG_WARN_RANGE_LOOP_ANALYSIS = YES;
				CLANG_WARN_STRICT_PROTOTYPES = YES;
				CLANG_WARN_SUSPICIOUS_MOVE = YES;
				CLANG_WARN_UNGUARDED_AVAILABILITY = YES_AGGRESSIVE;
				CLANG_WARN_UNREACHABLE_CODE = YES;
				CLANG_WARN__DUPLICATE_METHOD_MATCH = YES;
				COPY_PHASE_STRIP = NO;
				DEBUG_INFORMATION_FORMAT = dwarf;
				ENABLE_STRICT_OBJC_MSGSEND = YES;
				ENABLE_TESTABILITY = YES;
				ENABLE_USER_SCRIPT_SANDBOXING = YES;
				GCC_C_LANGUAGE_STANDARD = gnu17;
				GCC_DYNAMIC_NO_PIC = NO;
				GCC_NO_COMMON_BLOCKS = YES;
				GCC_OPTIMIZATION_LEVEL = 0;
				GCC_PREPROCESSOR_DEFINITIONS = (
					"DEBUG=1",
					"$(inherited)",
				);
				GCC_WARN_64_TO_32_BIT_CONVERSION = YES;
				GCC_WARN_ABOUT_RETURN_TYPE = YES_ERROR;
				GCC_WARN_UNDECLARED_SELECTOR = YES;
				GCC_WARN_UNINITIALIZED_AUTOS = YES_AGGRESSIVE;
				GCC_WARN_UNUSED_FUNCTION = YES;
				GCC_WARN_UNUSED_VARIABLE = YES;
				IPHONEOS_DEPLOYMENT_TARGET = 13.0;
				LOCALIZATION_PREFERS_STRING_CATALOGS = YES;
				MTL_ENABLE_DEBUG_INFO = INCLUDE_SOURCE;
				MTL_FAST_MATH = YES;
				ONLY_ACTIVE_ARCH = YES;
				SDKROOT = iphoneos;
				SWIFT_ACTIVE_COMPILATION_CONDITIONS = "DEBUG $(inherited)";
				SWIFT_OPTIMIZATION_LEVEL = "-Onone";
			};
			name = Debug;
		};
		D0ADADC02B5FE1D700A31524 /* Release */ = {
			isa = XCBuildConfiguration;
			buildSettings = {
				ALWAYS_SEARCH_USER_PATHS = NO;
				ASSETCATALOG_COMPILER_GENERATE_SWIFT_ASSET_SYMBOL_EXTENSIONS = YES;
				CLANG_ANALYZER_LOCALIZABILITY_NONLOCALIZED = YES;
				CLANG_ANALYZER_NONNULL = YES;
				CLANG_ANALYZER_NUMBER_OBJECT_CONVERSION = YES_AGGRESSIVE;
				CLANG_CXX_LANGUAGE_STANDARD = "gnu++20";
				CLANG_ENABLE_MODULES = YES;
				CLANG_ENABLE_OBJC_ARC = YES;
				CLANG_ENABLE_OBJC_WEAK = YES;
				CLANG_WARN_BLOCK_CAPTURE_AUTORELEASING = YES;
				CLANG_WARN_BOOL_CONVERSION = YES;
				CLANG_WARN_COMMA = YES;
				CLANG_WARN_CONSTANT_CONVERSION = YES;
				CLANG_WARN_DEPRECATED_OBJC_IMPLEMENTATIONS = YES;
				CLANG_WARN_DIRECT_OBJC_ISA_USAGE = YES_ERROR;
				CLANG_WARN_DOCUMENTATION_COMMENTS = YES;
				CLANG_WARN_EMPTY_BODY = YES;
				CLANG_WARN_ENUM_CONVERSION = YES;
				CLANG_WARN_INFINITE_RECURSION = YES;
				CLANG_WARN_INT_CONVERSION = YES;
				CLANG_WARN_NON_LITERAL_NULL_CONVERSION = YES;
				CLANG_WARN_OBJC_IMPLICIT_RETAIN_SELF = YES;
				CLANG_WARN_OBJC_LITERAL_CONVERSION = YES;
				CLANG_WARN_OBJC_ROOT_CLASS = YES_ERROR;
				CLANG_WARN_QUOTED_INCLUDE_IN_FRAMEWORK_HEADER = YES;
				CLANG_WARN_RANGE_LOOP_ANALYSIS = YES;
				CLANG_WARN_STRICT_PROTOTYPES = YES;
				CLANG_WARN_SUSPICIOUS_MOVE = YES;
				CLANG_WARN_UNGUARDED_AVAILABILITY = YES_AGGRESSIVE;
				CLANG_WARN_UNREACHABLE_CODE = YES;
				CLANG_WARN__DUPLICATE_METHOD_MATCH = YES;
				COPY_PHASE_STRIP = NO;
				DEBUG_INFORMATION_FORMAT = "dwarf-with-dsym";
				ENABLE_NS_ASSERTIONS = NO;
				ENABLE_STRICT_OBJC_MSGSEND = YES;
				ENABLE_USER_SCRIPT_SANDBOXING = YES;
				GCC_C_LANGUAGE_STANDARD = gnu17;
				GCC_NO_COMMON_BLOCKS = YES;
				GCC_WARN_64_TO_32_BIT_CONVERSION = YES;
				GCC_WARN_ABOUT_RETURN_TYPE = YES_ERROR;
				GCC_WARN_UNDECLARED_SELECTOR = YES;
				GCC_WARN_UNINITIALIZED_AUTOS = YES_AGGRESSIVE;
				GCC_WARN_UNUSED_FUNCTION = YES;
				GCC_WARN_UNUSED_VARIABLE = YES;
				IPHONEOS_DEPLOYMENT_TARGET = 13.0;
				LOCALIZATION_PREFERS_STRING_CATALOGS = YES;
				MTL_ENABLE_DEBUG_INFO = NO;
				MTL_FAST_MATH = YES;
				SDKROOT = iphoneos;
				SWIFT_COMPILATION_MODE = wholemodule;
				VALIDATE_PRODUCT = YES;
			};
			name = Release;
		};
		D0ADADC22B5FE1D700A31524 /* Debug */ = {
			isa = XCBuildConfiguration;
			buildSettings = {
				ASSETCATALOG_COMPILER_APPICON_NAME = AppIcon;
				ASSETCATALOG_COMPILER_GLOBAL_ACCENT_COLOR_NAME = AccentColor;
				CODE_SIGN_STYLE = Automatic;
				CURRENT_PROJECT_VERSION = 1;
				DEVELOPMENT_TEAM = GHRWK526R5;
				GENERATE_INFOPLIST_FILE = YES;
				INFOPLIST_FILE = CryptoInfo/Info.plist;
				INFOPLIST_KEY_UIApplicationSupportsIndirectInputEvents = YES;
				INFOPLIST_KEY_UILaunchStoryboardName = LaunchScreen;
				INFOPLIST_KEY_UISupportedInterfaceOrientations = UIInterfaceOrientationPortrait;
				INFOPLIST_KEY_UISupportedInterfaceOrientations_iPad = "UIInterfaceOrientationLandscapeLeft UIInterfaceOrientationLandscapeRight UIInterfaceOrientationPortrait UIInterfaceOrientationPortraitUpsideDown";
				IPHONEOS_DEPLOYMENT_TARGET = 13.0;
				LD_RUNPATH_SEARCH_PATHS = (
					"$(inherited)",
					"@executable_path/Frameworks",
				);
				MARKETING_VERSION = 1.0;
				PRODUCT_BUNDLE_IDENTIFIER = DmitryGorbunow.CryptoInfo;
				PRODUCT_NAME = "$(TARGET_NAME)";
				SUPPORTED_PLATFORMS = "iphoneos iphonesimulator";
				SUPPORTS_MACCATALYST = NO;
				SUPPORTS_MAC_DESIGNED_FOR_IPHONE_IPAD = NO;
				SUPPORTS_XR_DESIGNED_FOR_IPHONE_IPAD = NO;
				SWIFT_EMIT_LOC_STRINGS = YES;
				SWIFT_VERSION = 5.0;
				TARGETED_DEVICE_FAMILY = 1;
			};
			name = Debug;
		};
		D0ADADC32B5FE1D700A31524 /* Release */ = {
			isa = XCBuildConfiguration;
			buildSettings = {
				ASSETCATALOG_COMPILER_APPICON_NAME = AppIcon;
				ASSETCATALOG_COMPILER_GLOBAL_ACCENT_COLOR_NAME = AccentColor;
				CODE_SIGN_STYLE = Automatic;
				CURRENT_PROJECT_VERSION = 1;
				DEVELOPMENT_TEAM = GHRWK526R5;
				GENERATE_INFOPLIST_FILE = YES;
				INFOPLIST_FILE = CryptoInfo/Info.plist;
				INFOPLIST_KEY_UIApplicationSupportsIndirectInputEvents = YES;
				INFOPLIST_KEY_UILaunchStoryboardName = LaunchScreen;
				INFOPLIST_KEY_UISupportedInterfaceOrientations = UIInterfaceOrientationPortrait;
				INFOPLIST_KEY_UISupportedInterfaceOrientations_iPad = "UIInterfaceOrientationLandscapeLeft UIInterfaceOrientationLandscapeRight UIInterfaceOrientationPortrait UIInterfaceOrientationPortraitUpsideDown";
				IPHONEOS_DEPLOYMENT_TARGET = 13.0;
				LD_RUNPATH_SEARCH_PATHS = (
					"$(inherited)",
					"@executable_path/Frameworks",
				);
				MARKETING_VERSION = 1.0;
				PRODUCT_BUNDLE_IDENTIFIER = DmitryGorbunow.CryptoInfo;
				PRODUCT_NAME = "$(TARGET_NAME)";
				SUPPORTED_PLATFORMS = "iphoneos iphonesimulator";
				SUPPORTS_MACCATALYST = NO;
				SUPPORTS_MAC_DESIGNED_FOR_IPHONE_IPAD = NO;
				SUPPORTS_XR_DESIGNED_FOR_IPHONE_IPAD = NO;
				SWIFT_EMIT_LOC_STRINGS = YES;
				SWIFT_VERSION = 5.0;
				TARGETED_DEVICE_FAMILY = 1;
			};
			name = Release;
		};
/* End XCBuildConfiguration section */

/* Begin XCConfigurationList section */
		D0ADADA82B5FE1D600A31524 /* Build configuration list for PBXProject "CryptoInfo" */ = {
			isa = XCConfigurationList;
			buildConfigurations = (
				D0ADADBF2B5FE1D700A31524 /* Debug */,
				D0ADADC02B5FE1D700A31524 /* Release */,
			);
			defaultConfigurationIsVisible = 0;
			defaultConfigurationName = Release;
		};
		D0ADADC12B5FE1D700A31524 /* Build configuration list for PBXNativeTarget "CryptoInfo" */ = {
			isa = XCConfigurationList;
			buildConfigurations = (
				D0ADADC22B5FE1D700A31524 /* Debug */,
				D0ADADC32B5FE1D700A31524 /* Release */,
			);
			defaultConfigurationIsVisible = 0;
			defaultConfigurationName = Release;
		};
/* End XCConfigurationList section */

/* Begin XCRemoteSwiftPackageReference section */
		D080B41E2B613C25003D0B9F /* XCRemoteSwiftPackageReference "Kingfisher" */ = {
			isa = XCRemoteSwiftPackageReference;
			repositoryURL = "https://github.com/onevcat/Kingfisher.git";
			requirement = {
				kind = upToNextMajorVersion;
				minimumVersion = 7.10.2;
			};
		};
/* End XCRemoteSwiftPackageReference section */

/* Begin XCSwiftPackageProductDependency section */
		D080B41F2B613C25003D0B9F /* Kingfisher */ = {
			isa = XCSwiftPackageProductDependency;
			package = D080B41E2B613C25003D0B9F /* XCRemoteSwiftPackageReference "Kingfisher" */;
			productName = Kingfisher;
		};
/* End XCSwiftPackageProductDependency section */
	};
	rootObject = D0ADADA52B5FE1D600A31524 /* Project object */;
}
